# Lockfile v3
# This file is automatically generated by Wapm.
# It is not intended for manual editing. The schema of this file may change.
[modules.test."0.0.0".test-module]
name = "test-module"
package_version = "0.0.0"
package_name = "test"
source = "local"
resolved = "local"
abi = "none"
entry = "dog.wasm"
root = "/Users/mark/wapm-cli"
prehashed_module_key = "1922a37afbb35ea25a36cb48d10af9226958de21740bd69591e8e46f74db3e3be470f523434380c0fff76b277d217dc32cab6085e7ce448201acccbf61398cb5"
[commands.test]
name = "test"
package_name = "test"
package_version = "0.0.0"
module = "test-module"
is_top_level_dependency = true
